{
  "requires": true,
  "lockfileVersion": 1,
  "dependencies": {
    "@nestjsx/crud-typeorm": {
      "version": "4.2.0",
      "resolved": "https://registry.npmjs.org/@nestjsx/crud-typeorm/-/crud-typeorm-4.2.0.tgz",
      "integrity": "sha512-hii/SXnLUrgq73OuSlDwEc6iDTClX6bi554FjjHPQgl2PSm+W7D/mjr4mqfqgQHCqLH1ZvuGsT7Kv3gWGJD+bw=="
    }
  }
}
